
Microsoft Visual Studio Solution File, Format Version 12.00
# Visual Studio Version 17
VisualStudioVersion = 17.4.33213.308
MinimumVisualStudioVersion = 10.0.40219.1
Project("{FAE04EC0-301F-11D3-BF4B-00C04F79EFBC}") = "RecipeAPI", "RecipeAPI\RecipeAPI.csproj", "{71039C48-D8A3-4BF2-AE4B-4F4D3DCDE41B}"
EndProject
Global
	GlobalSection(SolutionConfigurationPlatforms) = preSolution
		Debug|Any CPU = Debug|Any CPU
		Release|Any CPU = Release|Any CPU
	EndGlobalSection
	GlobalSection(ProjectConfigurationPlatforms) = postSolution
		{71039C48-D8A3-4BF2-AE4B-4F4D3DCDE41B}.Debug|Any CPU.ActiveCfg = Debug|Any CPU
		{71039C48-D8A3-4BF2-AE4B-4F4D3DCDE41B}.Debug|Any CPU.Build.0 = Debug|Any CPU
		{71039C48-D8A3-4BF2-AE4B-4F4D3DCDE41B}.Release|Any CPU.ActiveCfg = Release|Any CPU
		{71039C48-D8A3-4BF2-AE4B-4F4D3DCDE41B}.Release|Any CPU.Build.0 = Release|Any CPU
	EndGlobalSection
	GlobalSection(SolutionProperties) = preSolution
		HideSolutionNode = FALSE
	EndGlobalSection
	GlobalSection(ExtensibilityGlobals) = postSolution
		SolutionGuid = {945B8105-DE4F-47C6-8EDE-6A39ECBC5DC1}
	EndGlobalSection
EndGlobal
